
Microsoft Visual Studio Solution File, Format Version 12.00
# Visual Studio Version 16
VisualStudioVersion = 16.0.30002.166
MinimumVisualStudioVersion = 10.0.40219.1
Project("{FAE04EC0-301F-11D3-BF4B-00C04F79EFBC}") = "GoogleDriveTasker", "GoogleDriveTasker\GoogleDriveTasker.csproj", "{97A1ECBF-B1ED-4266-8458-A9B4ABA438C5}"
EndProject
Global
	GlobalSection(SolutionConfigurationPlatforms) = preSolution
		Debug|Any CPU = Debug|Any CPU
		Release|Any CPU = Release|Any CPU
	EndGlobalSection
	GlobalSection(ProjectConfigurationPlatforms) = postSolution
		{97A1ECBF-B1ED-4266-8458-A9B4ABA438C5}.Debug|Any CPU.ActiveCfg = Debug|Any CPU
		{97A1ECBF-B1ED-4266-8458-A9B4ABA438C5}.Debug|Any CPU.Build.0 = Debug|Any CPU
		{97A1ECBF-B1ED-4266-8458-A9B4ABA438C5}.Release|Any CPU.ActiveCfg = Release|Any CPU
		{97A1ECBF-B1ED-4266-8458-A9B4ABA438C5}.Release|Any CPU.Build.0 = Release|Any CPU
	EndGlobalSection
	GlobalSection(SolutionProperties) = preSolution
		HideSolutionNode = FALSE
	EndGlobalSection
	GlobalSection(ExtensibilityGlobals) = postSolution
		SolutionGuid = {E2F3CB7A-5FDE-4E14-98DC-280CC26455FF}
	EndGlobalSection
EndGlobal
